// !$*UTF8*$!
{
	archiveVersion = 1;
	classes = {
	};
	objectVersion = 46;
	objects = {

/* Begin PBXBuildFile section */
		019BD5132EC26F73E90D571D /* libPods-coolPlaces.a in Frameworks */ = {isa = PBXBuildFile; fileRef = B8BCEB772A20BD85C429A74B /* libPods-coolPlaces.a */; };
		192BA6FB1C638CEC00D8242D /* camera.png in Resources */ = {isa = PBXBuildFile; fileRef = 192BA6FA1C638CEC00D8242D /* camera.png */; };
		192BA6FF1C63923900D8242D /* upload1.png in Resources */ = {isa = PBXBuildFile; fileRef = 192BA6FE1C63923900D8242D /* upload1.png */; };
		192BA7041C63D38B00D8242D /* Validator.m in Sources */ = {isa = PBXBuildFile; fileRef = 192BA7031C63D38B00D8242D /* Validator.m */; };
		19A895471C5F51CF00B0C10F /* main.m in Sources */ = {isa = PBXBuildFile; fileRef = 19A895461C5F51CF00B0C10F /* main.m */; };
		19A8954A1C5F51CF00B0C10F /* AppDelegate.m in Sources */ = {isa = PBXBuildFile; fileRef = 19A895491C5F51CF00B0C10F /* AppDelegate.m */; };
		19A8954D1C5F51CF00B0C10F /* MainViewController.m in Sources */ = {isa = PBXBuildFile; fileRef = 19A8954C1C5F51CF00B0C10F /* MainViewController.m */; };
		19A895501C5F51CF00B0C10F /* Main.storyboard in Resources */ = {isa = PBXBuildFile; fileRef = 19A8954E1C5F51CF00B0C10F /* Main.storyboard */; };
		19A895521C5F51CF00B0C10F /* Assets.xcassets in Resources */ = {isa = PBXBuildFile; fileRef = 19A895511C5F51CF00B0C10F /* Assets.xcassets */; };
		19A895551C5F51CF00B0C10F /* LaunchScreen.storyboard in Resources */ = {isa = PBXBuildFile; fileRef = 19A895531C5F51CF00B0C10F /* LaunchScreen.storyboard */; };
		19A8955F1C5F53B900B0C10F /* AddViewController.m in Sources */ = {isa = PBXBuildFile; fileRef = 19A8955E1C5F53B900B0C10F /* AddViewController.m */; };
		19A895621C5F53CC00B0C10F /* DetailsViewController.m in Sources */ = {isa = PBXBuildFile; fileRef = 19A895611C5F53CC00B0C10F /* DetailsViewController.m */; };
		19A895681C5F53F300B0C10F /* RegisterViewController.m in Sources */ = {isa = PBXBuildFile; fileRef = 19A895671C5F53F300B0C10F /* RegisterViewController.m */; };
		19A8956C1C5F55E700B0C10F /* User.m in Sources */ = {isa = PBXBuildFile; fileRef = 19A8956B1C5F55E700B0C10F /* User.m */; };
		19A8956F1C5F55FB00B0C10F /* Place.m in Sources */ = {isa = PBXBuildFile; fileRef = 19A8956E1C5F55FB00B0C10F /* Place.m */; };
		19A895741C5FDDA500B0C10F /* HttpData.m in Sources */ = {isa = PBXBuildFile; fileRef = 19A895731C5FDDA500B0C10F /* HttpData.m */; };
		19E11FFF1C61047B009E272A /* LaunchView.swift in Sources */ = {isa = PBXBuildFile; fileRef = 19E11FFE1C61047B009E272A /* LaunchView.swift */; };
		19E120011C611121009E272A /* cliff.png in Resources */ = {isa = PBXBuildFile; fileRef = 19E120001C611121009E272A /* cliff.png */; };
		19E22B6A1C6132F3009EDD7E /* logo.png in Resources */ = {isa = PBXBuildFile; fileRef = 19E22B691C6132F3009EDD7E /* logo.png */; };
		19E22B6C1C6139ED009EDD7E /* background.png in Resources */ = {isa = PBXBuildFile; fileRef = 19E22B6B1C6139ED009EDD7E /* background.png */; };
		19E54A741C627B3600534E47 /* logo1.png in Resources */ = {isa = PBXBuildFile; fileRef = 19E54A731C627B3600534E47 /* logo1.png */; };
/* End PBXBuildFile section */

/* Begin PBXFileReference section */
		192BA6FA1C638CEC00D8242D /* camera.png */ = {isa = PBXFileReference; lastKnownFileType = image.png; path = camera.png; sourceTree = "<group>"; };
		192BA6FE1C63923900D8242D /* upload1.png */ = {isa = PBXFileReference; lastKnownFileType = image.png; path = upload1.png; sourceTree = "<group>"; };
		192BA7021C63D38B00D8242D /* Validator.h */ = {isa = PBXFileReference; fileEncoding = 4; lastKnownFileType = sourcecode.c.h; path = Validator.h; sourceTree = "<group>"; };
		192BA7031C63D38B00D8242D /* Validator.m */ = {isa = PBXFileReference; fileEncoding = 4; lastKnownFileType = sourcecode.c.objc; path = Validator.m; sourceTree = "<group>"; };
		19A895421C5F51CF00B0C10F /* coolPlaces.app */ = {isa = PBXFileReference; explicitFileType = wrapper.application; includeInIndex = 0; path = coolPlaces.app; sourceTree = BUILT_PRODUCTS_DIR; };
		19A895461C5F51CF00B0C10F /* main.m */ = {isa = PBXFileReference; lastKnownFileType = sourcecode.c.objc; path = main.m; sourceTree = "<group>"; };
		19A895481C5F51CF00B0C10F /* AppDelegate.h */ = {isa = PBXFileReference; lastKnownFileType = sourcecode.c.h; path = AppDelegate.h; sourceTree = "<group>"; };
		19A895491C5F51CF00B0C10F /* AppDelegate.m */ = {isa = PBXFileReference; lastKnownFileType = sourcecode.c.objc; path = AppDelegate.m; sourceTree = "<group>"; };
		19A8954B1C5F51CF00B0C10F /* MainViewController.h */ = {isa = PBXFileReference; lastKnownFileType = sourcecode.c.h; path = MainViewController.h; sourceTree = "<group>"; };
		19A8954C1C5F51CF00B0C10F /* MainViewController.m */ = {isa = PBXFileReference; lastKnownFileType = sourcecode.c.objc; path = MainViewController.m; sourceTree = "<group>"; };
		19A8954F1C5F51CF00B0C10F /* Base */ = {isa = PBXFileReference; lastKnownFileType = file.storyboard; name = Base; path = Base.lproj/Main.storyboard; sourceTree = "<group>"; };
		19A895511C5F51CF00B0C10F /* Assets.xcassets */ = {isa = PBXFileReference; lastKnownFileType = folder.assetcatalog; path = Assets.xcassets; sourceTree = "<group>"; };
		19A895541C5F51CF00B0C10F /* Base */ = {isa = PBXFileReference; lastKnownFileType = file.storyboard; name = Base; path = Base.lproj/LaunchScreen.storyboard; sourceTree = "<group>"; };
		19A895561C5F51CF00B0C10F /* Info.plist */ = {isa = PBXFileReference; lastKnownFileType = text.plist.xml; path = Info.plist; sourceTree = "<group>"; };
		19A8955D1C5F53B900B0C10F /* AddViewController.h */ = {isa = PBXFileReference; fileEncoding = 4; lastKnownFileType = sourcecode.c.h; path = AddViewController.h; sourceTree = "<group>"; };
		19A8955E1C5F53B900B0C10F /* AddViewController.m */ = {isa = PBXFileReference; fileEncoding = 4; lastKnownFileType = sourcecode.c.objc; path = AddViewController.m; sourceTree = "<group>"; };
		19A895601C5F53CC00B0C10F /* DetailsViewController.h */ = {isa = PBXFileReference; fileEncoding = 4; lastKnownFileType = sourcecode.c.h; path = DetailsViewController.h; sourceTree = "<group>"; };
		19A895611C5F53CC00B0C10F /* DetailsViewController.m */ = {isa = PBXFileReference; fileEncoding = 4; lastKnownFileType = sourcecode.c.objc; path = DetailsViewController.m; sourceTree = "<group>"; };
		19A895661C5F53F300B0C10F /* RegisterViewController.h */ = {isa = PBXFileReference; fileEncoding = 4; lastKnownFileType = sourcecode.c.h; path = RegisterViewController.h; sourceTree = "<group>"; };
		19A895671C5F53F300B0C10F /* RegisterViewController.m */ = {isa = PBXFileReference; fileEncoding = 4; lastKnownFileType = sourcecode.c.objc; path = RegisterViewController.m; sourceTree = "<group>"; };
		19A8956A1C5F55E700B0C10F /* User.h */ = {isa = PBXFileReference; fileEncoding = 4; lastKnownFileType = sourcecode.c.h; path = User.h; sourceTree = "<group>"; };
		19A8956B1C5F55E700B0C10F /* User.m */ = {isa = PBXFileReference; fileEncoding = 4; lastKnownFileType = sourcecode.c.objc; path = User.m; sourceTree = "<group>"; };
		19A8956D1C5F55FB00B0C10F /* Place.h */ = {isa = PBXFileReference; fileEncoding = 4; lastKnownFileType = sourcecode.c.h; path = Place.h; sourceTree = "<group>"; };
		19A8956E1C5F55FB00B0C10F /* Place.m */ = {isa = PBXFileReference; fileEncoding = 4; lastKnownFileType = sourcecode.c.objc; path = Place.m; sourceTree = "<group>"; };
		19A895701C5FD22000B0C10F /* Place_initWithDicts.h */ = {isa = PBXFileReference; fileEncoding = 4; lastKnownFileType = sourcecode.c.h; path = Place_initWithDicts.h; sourceTree = "<group>"; };
		19A895721C5FDDA500B0C10F /* HttpData.h */ = {isa = PBXFileReference; fileEncoding = 4; lastKnownFileType = sourcecode.c.h; path = HttpData.h; sourceTree = "<group>"; };
		19A895731C5FDDA500B0C10F /* HttpData.m */ = {isa = PBXFileReference; fileEncoding = 4; lastKnownFileType = sourcecode.c.objc; path = HttpData.m; sourceTree = "<group>"; };
		19E11FFD1C61047A009E272A /* coolPlaces-Bridging-Header.h */ = {isa = PBXFileReference; lastKnownFileType = sourcecode.c.h; path = "coolPlaces-Bridging-Header.h"; sourceTree = "<group>"; };
		19E11FFE1C61047B009E272A /* LaunchView.swift */ = {isa = PBXFileReference; fileEncoding = 4; lastKnownFileType = sourcecode.swift; path = LaunchView.swift; sourceTree = "<group>"; };
		19E120001C611121009E272A /* cliff.png */ = {isa = PBXFileReference; lastKnownFileType = image.png; path = cliff.png; sourceTree = "<group>"; };
		19E22B691C6132F3009EDD7E /* logo.png */ = {isa = PBXFileReference; lastKnownFileType = image.png; path = logo.png; sourceTree = "<group>"; };
		19E22B6B1C6139ED009EDD7E /* background.png */ = {isa = PBXFileReference; lastKnownFileType = image.png; path = background.png; sourceTree = "<group>"; };
		19E54A731C627B3600534E47 /* logo1.png */ = {isa = PBXFileReference; lastKnownFileType = image.png; path = logo1.png; sourceTree = "<group>"; };
		2CD44D540E6C4D9D3687FEFF /* Pods-coolPlaces.debug.xcconfig */ = {isa = PBXFileReference; includeInIndex = 1; lastKnownFileType = text.xcconfig; name = "Pods-coolPlaces.debug.xcconfig"; path = "Pods/Target Support Files/Pods-coolPlaces/Pods-coolPlaces.debug.xcconfig"; sourceTree = "<group>"; };
		AA3B4F93675A9B17ED6BC040 /* Pods-coolPlaces.release.xcconfig */ = {isa = PBXFileReference; includeInIndex = 1; lastKnownFileType = text.xcconfig; name = "Pods-coolPlaces.release.xcconfig"; path = "Pods/Target Support Files/Pods-coolPlaces/Pods-coolPlaces.release.xcconfig"; sourceTree = "<group>"; };
		B8BCEB772A20BD85C429A74B /* libPods-coolPlaces.a */ = {isa = PBXFileReference; explicitFileType = archive.ar; includeInIndex = 0; path = "libPods-coolPlaces.a"; sourceTree = BUILT_PRODUCTS_DIR; };
/* End PBXFileReference section */

/* Begin PBXFrameworksBuildPhase section */
		19A8953F1C5F51CF00B0C10F /* Frameworks */ = {
			isa = PBXFrameworksBuildPhase;
			buildActionMask = 2147483647;
			files = (
				019BD5132EC26F73E90D571D /* libPods-coolPlaces.a in Frameworks */,
			);
			runOnlyForDeploymentPostprocessing = 0;
		};
/* End PBXFrameworksBuildPhase section */

/* Begin PBXGroup section */
		192BA7001C63D2F700D8242D /* Common */ = {
			isa = PBXGroup;
			children = (
				192BA7021C63D38B00D8242D /* Validator.h */,
				192BA7031C63D38B00D8242D /* Validator.m */,
			);
			name = Common;
			sourceTree = "<group>";
		};
		19A895391C5F51CE00B0C10F = {
			isa = PBXGroup;
			children = (
				192BA7001C63D2F700D8242D /* Common */,
				19E54A751C628A4F00534E47 /* Views */,
				19A895441C5F51CF00B0C10F /* coolPlaces */,
				19A895431C5F51CF00B0C10F /* Products */,
				C6950F22C62E77F6BB5C2D72 /* Pods */,
				7C411F2BE89D32A61FBCCACC /* Frameworks */,
			);
			sourceTree = "<group>";
		};
		19A895431C5F51CF00B0C10F /* Products */ = {
			isa = PBXGroup;
			children = (
				19A895421C5F51CF00B0C10F /* coolPlaces.app */,
			);
			name = Products;
			sourceTree = "<group>";
		};
		19A895441C5F51CF00B0C10F /* coolPlaces */ = {
			isa = PBXGroup;
			children = (
				19A895711C5FDD6700B0C10F /* Data */,
				19A895691C5F55BC00B0C10F /* Models */,
				19A8955C1C5F538800B0C10F /* ViewControllers */,
				19A895481C5F51CF00B0C10F /* AppDelegate.h */,
				19A895491C5F51CF00B0C10F /* AppDelegate.m */,
				19A8954E1C5F51CF00B0C10F /* Main.storyboard */,
				19A895511C5F51CF00B0C10F /* Assets.xcassets */,
				192BA6FE1C63923900D8242D /* upload1.png */,
				192BA6FA1C638CEC00D8242D /* camera.png */,
				19E54A731C627B3600534E47 /* logo1.png */,
				19E22B6B1C6139ED009EDD7E /* background.png */,
				19E22B691C6132F3009EDD7E /* logo.png */,
				19E120001C611121009E272A /* cliff.png */,
				19A895531C5F51CF00B0C10F /* LaunchScreen.storyboard */,
				19A895561C5F51CF00B0C10F /* Info.plist */,
				19A895451C5F51CF00B0C10F /* Supporting Files */,
			);
			path = coolPlaces;
			sourceTree = "<group>";
		};
		19A895451C5F51CF00B0C10F /* Supporting Files */ = {
			isa = PBXGroup;
			children = (
				19A895461C5F51CF00B0C10F /* main.m */,
			);
			name = "Supporting Files";
			sourceTree = "<group>";
		};
		19A8955C1C5F538800B0C10F /* ViewControllers */ = {
			isa = PBXGroup;
			children = (
				19A8954B1C5F51CF00B0C10F /* MainViewController.h */,
				19A8954C1C5F51CF00B0C10F /* MainViewController.m */,
				19A8955D1C5F53B900B0C10F /* AddViewController.h */,
				19A8955E1C5F53B900B0C10F /* AddViewController.m */,
				19A895601C5F53CC00B0C10F /* DetailsViewController.h */,
				19A895611C5F53CC00B0C10F /* DetailsViewController.m */,
				19A895661C5F53F300B0C10F /* RegisterViewController.h */,
				19A895671C5F53F300B0C10F /* RegisterViewController.m */,
				19E11FFE1C61047B009E272A /* LaunchView.swift */,
				19E11FFD1C61047A009E272A /* coolPlaces-Bridging-Header.h */,
			);
			name = ViewControllers;
			sourceTree = "<group>";
		};
		19A895691C5F55BC00B0C10F /* Models */ = {
			isa = PBXGroup;
			children = (
				19A8956A1C5F55E700B0C10F /* User.h */,
				19A8956B1C5F55E700B0C10F /* User.m */,
				19A8956D1C5F55FB00B0C10F /* Place.h */,
				19A8956E1C5F55FB00B0C10F /* Place.m */,
				19A895701C5FD22000B0C10F /* Place_initWithDicts.h */,
			);
			name = Models;
			sourceTree = "<group>";
		};
		19A895711C5FDD6700B0C10F /* Data */ = {
			isa = PBXGroup;
			children = (
				19A895721C5FDDA500B0C10F /* HttpData.h */,
				19A895731C5FDDA500B0C10F /* HttpData.m */,
			);
			name = Data;
			sourceTree = "<group>";
		};
		19E54A751C628A4F00534E47 /* Views */ = {
			isa = PBXGroup;
			children = (
			);
			name = Views;
			sourceTree = "<group>";
		};
		7C411F2BE89D32A61FBCCACC /* Frameworks */ = {
			isa = PBXGroup;
			children = (
				B8BCEB772A20BD85C429A74B /* libPods-coolPlaces.a */,
			);
			name = Frameworks;
			sourceTree = "<group>";
		};
		C6950F22C62E77F6BB5C2D72 /* Pods */ = {
			isa = PBXGroup;
			children = (
				2CD44D540E6C4D9D3687FEFF /* Pods-coolPlaces.debug.xcconfig */,
				AA3B4F93675A9B17ED6BC040 /* Pods-coolPlaces.release.xcconfig */,
			);
			name = Pods;
			sourceTree = "<group>";
		};
/* End PBXGroup section */

/* Begin PBXNativeTarget section */
		19A895411C5F51CF00B0C10F /* coolPlaces */ = {
			isa = PBXNativeTarget;
			buildConfigurationList = 19A895591C5F51CF00B0C10F /* Build configuration list for PBXNativeTarget "coolPlaces" */;
			buildPhases = (
				EE4393C6AA14A7EEA4A4519C /* Check Pods Manifest.lock */,
				19A8953E1C5F51CF00B0C10F /* Sources */,
				19A8953F1C5F51CF00B0C10F /* Frameworks */,
				19A895401C5F51CF00B0C10F /* Resources */,
				807A6AB9FFB89633981597BC /* Embed Pods Frameworks */,
				4389B44CADEEC2D5F431E3A3 /* Copy Pods Resources */,
			);
			buildRules = (
			);
			dependencies = (
			);
			name = coolPlaces;
			productName = coolPlaces;
			productReference = 19A895421C5F51CF00B0C10F /* coolPlaces.app */;
			productType = "com.apple.product-type.application";
		};
/* End PBXNativeTarget section */

/* Begin PBXProject section */
		19A8953A1C5F51CE00B0C10F /* Project object */ = {
			isa = PBXProject;
			attributes = {
				LastUpgradeCheck = 0720;
				ORGANIZATIONNAME = z;
				TargetAttributes = {
					19A895411C5F51CF00B0C10F = {
						CreatedOnToolsVersion = 7.2;
					};
				};
			};
			buildConfigurationList = 19A8953D1C5F51CE00B0C10F /* Build configuration list for PBXProject "coolPlaces" */;
			compatibilityVersion = "Xcode 3.2";
			developmentRegion = English;
			hasScannedForEncodings = 0;
			knownRegions = (
				en,
				Base,
			);
			mainGroup = 19A895391C5F51CE00B0C10F;
			productRefGroup = 19A895431C5F51CF00B0C10F /* Products */;
			projectDirPath = "";
			projectRoot = "";
			targets = (
				19A895411C5F51CF00B0C10F /* coolPlaces */,
			);
		};
/* End PBXProject section */

/* Begin PBXResourcesBuildPhase section */
		19A895401C5F51CF00B0C10F /* Resources */ = {
			isa = PBXResourcesBuildPhase;
			buildActionMask = 2147483647;
			files = (
				19E120011C611121009E272A /* cliff.png in Resources */,
				19E22B6C1C6139ED009EDD7E /* background.png in Resources */,
				19E22B6A1C6132F3009EDD7E /* logo.png in Resources */,
				19A895551C5F51CF00B0C10F /* LaunchScreen.storyboard in Resources */,
				19A895521C5F51CF00B0C10F /* Assets.xcassets in Resources */,
				19A895501C5F51CF00B0C10F /* Main.storyboard in Resources */,
				192BA6FF1C63923900D8242D /* upload1.png in Resources */,
				192BA6FB1C638CEC00D8242D /* camera.png in Resources */,
				19E54A741C627B3600534E47 /* logo1.png in Resources */,
			);
			runOnlyForDeploymentPostprocessing = 0;
		};
/* End PBXResourcesBuildPhase section */

/* Begin PBXShellScriptBuildPhase section */
		4389B44CADEEC2D5F431E3A3 /* Copy Pods Resources */ = {
			isa = PBXShellScriptBuildPhase;
			buildActionMask = 2147483647;
			files = (
			);
			inputPaths = (
			);
			name = "Copy Pods Resources";
			outputPaths = (
			);
			runOnlyForDeploymentPostprocessing = 0;
			shellPath = /bin/sh;
			shellScript = "\"${SRCROOT}/Pods/Target Support Files/Pods-coolPlaces/Pods-coolPlaces-resources.sh\"\n";
			showEnvVarsInLog = 0;
		};
		807A6AB9FFB89633981597BC /* Embed Pods Frameworks */ = {
			isa = PBXShellScriptBuildPhase;
			buildActionMask = 2147483647;
			files = (
			);
			inputPaths = (
			);
			name = "Embed Pods Frameworks";
			outputPaths = (
			);
			runOnlyForDeploymentPostprocessing = 0;
			shellPath = /bin/sh;
			shellScript = "\"${SRCROOT}/Pods/Target Support Files/Pods-coolPlaces/Pods-coolPlaces-frameworks.sh\"\n";
			showEnvVarsInLog = 0;
		};
		EE4393C6AA14A7EEA4A4519C /* Check Pods Manifest.lock */ = {
			isa = PBXShellScriptBuildPhase;
			buildActionMask = 2147483647;
			files = (
			);
			inputPaths = (
			);
			name = "Check Pods Manifest.lock";
			outputPaths = (
			);
			runOnlyForDeploymentPostprocessing = 0;
			shellPath = /bin/sh;
			shellScript = "diff \"${PODS_ROOT}/../Podfile.lock\" \"${PODS_ROOT}/Manifest.lock\" > /dev/null\nif [[ $? != 0 ]] ; then\n    cat << EOM\nerror: The sandbox is not in sync with the Podfile.lock. Run 'pod install' or update your CocoaPods installation.\nEOM\n    exit 1\nfi\n";
			showEnvVarsInLog = 0;
		};
/* End PBXShellScriptBuildPhase section */

/* Begin PBXSourcesBuildPhase section */
		19A8953E1C5F51CF00B0C10F /* Sources */ = {
			isa = PBXSourcesBuildPhase;
			buildActionMask = 2147483647;
			files = (
				19A8956C1C5F55E700B0C10F /* User.m in Sources */,
				19E11FFF1C61047B009E272A /* LaunchView.swift in Sources */,
				19A8954D1C5F51CF00B0C10F /* MainViewController.m in Sources */,
				19A895621C5F53CC00B0C10F /* DetailsViewController.m in Sources */,
				19A8954A1C5F51CF00B0C10F /* AppDelegate.m in Sources */,
				19A8955F1C5F53B900B0C10F /* AddViewController.m in Sources */,
				19A895681C5F53F300B0C10F /* RegisterViewController.m in Sources */,
				19A8956F1C5F55FB00B0C10F /* Place.m in Sources */,
				19A895471C5F51CF00B0C10F /* main.m in Sources */,
				192BA7041C63D38B00D8242D /* Validator.m in Sources */,
				19A895741C5FDDA500B0C10F /* HttpData.m in Sources */,
			);
			runOnlyForDeploymentPostprocessing = 0;
		};
/* End PBXSourcesBuildPhase section */

/* Begin PBXVariantGroup section */
		19A8954E1C5F51CF00B0C10F /* Main.storyboard */ = {
			isa = PBXVariantGroup;
			children = (
				19A8954F1C5F51CF00B0C10F /* Base */,
			);
			name = Main.storyboard;
			sourceTree = "<group>";
		};
		19A895531C5F51CF00B0C10F /* LaunchScreen.storyboard */ = {
			isa = PBXVariantGroup;
			children = (
				19A895541C5F51CF00B0C10F /* Base */,
			);
			name = LaunchScreen.storyboard;
			sourceTree = "<group>";
		};
/* End PBXVariantGroup section */

/* Begin XCBuildConfiguration section */
		19A895571C5F51CF00B0C10F /* Debug */ = {
			isa = XCBuildConfiguration;
			buildSettings = {
				ALWAYS_SEARCH_USER_PATHS = NO;
				CLANG_CXX_LANGUAGE_STANDARD = "gnu++0x";
				CLANG_CXX_LIBRARY = "libc++";
				CLANG_ENABLE_MODULES = YES;
				CLANG_ENABLE_OBJC_ARC = YES;
				CLANG_WARN_BOOL_CONVERSION = YES;
				CLANG_WARN_CONSTANT_CONVERSION = YES;
				CLANG_WARN_DIRECT_OBJC_ISA_USAGE = YES_ERROR;
				CLANG_WARN_EMPTY_BODY = YES;
				CLANG_WARN_ENUM_CONVERSION = YES;
				CLANG_WARN_INT_CONVERSION = YES;
				CLANG_WARN_OBJC_ROOT_CLASS = YES_ERROR;
				CLANG_WARN_UNREACHABLE_CODE = YES;
				CLANG_WARN__DUPLICATE_METHOD_MATCH = YES;
				"CODE_SIGN_IDENTITY[sdk=iphoneos*]" = "iPhone Developer";
				COPY_PHASE_STRIP = NO;
				DEBUG_INFORMATION_FORMAT = dwarf;
				ENABLE_STRICT_OBJC_MSGSEND = YES;
				ENABLE_TESTABILITY = YES;
				GCC_C_LANGUAGE_STANDARD = gnu99;
				GCC_DYNAMIC_NO_PIC = NO;
				GCC_NO_COMMON_BLOCKS = YES;
				GCC_OPTIMIZATION_LEVEL = 0;
				GCC_PREPROCESSOR_DEFINITIONS = (
					"DEBUG=1",
					"$(inherited)",
				);
				GCC_WARN_64_TO_32_BIT_CONVERSION = YES;
				GCC_WARN_ABOUT_RETURN_TYPE = YES_ERROR;
				GCC_WARN_UNDECLARED_SELECTOR = YES;
				GCC_WARN_UNINITIALIZED_AUTOS = YES_AGGRESSIVE;
				GCC_WARN_UNUSED_FUNCTION = YES;
				GCC_WARN_UNUSED_VARIABLE = YES;
				IPHONEOS_DEPLOYMENT_TARGET = 9.2;
				MTL_ENABLE_DEBUG_INFO = YES;
				ONLY_ACTIVE_ARCH = YES;
				SDKROOT = iphoneos;
				TARGETED_DEVICE_FAMILY = "1,2";
			};
			name = Debug;
		};
		19A895581C5F51CF00B0C10F /* Release */ = {
			isa = XCBuildConfiguration;
			buildSettings = {
				ALWAYS_SEARCH_USER_PATHS = NO;
				CLANG_CXX_LANGUAGE_STANDARD = "gnu++0x";
				CLANG_CXX_LIBRARY = "libc++";
				CLANG_ENABLE_MODULES = YES;
				CLANG_ENABLE_OBJC_ARC = YES;
				CLANG_WARN_BOOL_CONVERSION = YES;
				CLANG_WARN_CONSTANT_CONVERSION = YES;
				CLANG_WARN_DIRECT_OBJC_ISA_USAGE = YES_ERROR;
				CLANG_WARN_EMPTY_BODY = YES;
				CLANG_WARN_ENUM_CONVERSION = YES;
				CLANG_WARN_INT_CONVERSION = YES;
				CLANG_WARN_OBJC_ROOT_CLASS = YES_ERROR;
				CLANG_WARN_UNREACHABLE_CODE = YES;
				CLANG_WARN__DUPLICATE_METHOD_MATCH = YES;
				"CODE_SIGN_IDENTITY[sdk=iphoneos*]" = "iPhone Developer";
				COPY_PHASE_STRIP = NO;
				DEBUG_INFORMATION_FORMAT = "dwarf-with-dsym";
				ENABLE_NS_ASSERTIONS = NO;
				ENABLE_STRICT_OBJC_MSGSEND = YES;
				GCC_C_LANGUAGE_STANDARD = gnu99;
				GCC_NO_COMMON_BLOCKS = YES;
				GCC_WARN_64_TO_32_BIT_CONVERSION = YES;
				GCC_WARN_ABOUT_RETURN_TYPE = YES_ERROR;
				GCC_WARN_UNDECLARED_SELECTOR = YES;
				GCC_WARN_UNINITIALIZED_AUTOS = YES_AGGRESSIVE;
				GCC_WARN_UNUSED_FUNCTION = YES;
				GCC_WARN_UNUSED_VARIABLE = YES;
				IPHONEOS_DEPLOYMENT_TARGET = 9.2;
				MTL_ENABLE_DEBUG_INFO = NO;
				SDKROOT = iphoneos;
				TARGETED_DEVICE_FAMILY = "1,2";
				VALIDATE_PRODUCT = YES;
			};
			name = Release;
		};
		19A8955A1C5F51CF00B0C10F /* Debug */ = {
			isa = XCBuildConfiguration;
			baseConfigurationReference = 2CD44D540E6C4D9D3687FEFF /* Pods-coolPlaces.debug.xcconfig */;
			buildSettings = {
				ASSETCATALOG_COMPILER_APPICON_NAME = AppIcon;
				CLANG_ENABLE_MODULES = YES;
				INFOPLIST_FILE = coolPlaces/Info.plist;
				LD_RUNPATH_SEARCH_PATHS = "$(inherited) @executable_path/Frameworks";
				PRODUCT_BUNDLE_IDENTIFIER = z.coolPlaces;
				PRODUCT_NAME = "$(TARGET_NAME)";
				SWIFT_OBJC_BRIDGING_HEADER = "coolPlaces/coolPlaces-Bridging-Header.h";
				SWIFT_OPTIMIZATION_LEVEL = "-Onone";
			};
			name = Debug;
		};
		19A8955B1C5F51CF00B0C10F /* Release */ = {
			isa = XCBuildConfiguration;
			baseConfigurationReference = AA3B4F93675A9B17ED6BC040 /* Pods-coolPlaces.release.xcconfig */;
			buildSettings = {
				ASSETCATALOG_COMPILER_APPICON_NAME = AppIcon;
				CLANG_ENABLE_MODULES = YES;
				INFOPLIST_FILE = coolPlaces/Info.plist;
				LD_RUNPATH_SEARCH_PATHS = "$(inherited) @executable_path/Frameworks";
				PRODUCT_BUNDLE_IDENTIFIER = z.coolPlaces;
				PRODUCT_NAME = "$(TARGET_NAME)";
				SWIFT_OBJC_BRIDGING_HEADER = "coolPlaces/coolPlaces-Bridging-Header.h";
			};
			name = Release;
		};
/* End XCBuildConfiguration section */

/* Begin XCConfigurationList section */
		19A8953D1C5F51CE00B0C10F /* Build configuration list for PBXProject "coolPlaces" */ = {
			isa = XCConfigurationList;
			buildConfigurations = (
				19A895571C5F51CF00B0C10F /* Debug */,
				19A895581C5F51CF00B0C10F /* Release */,
			);
			defaultConfigurationIsVisible = 0;
			defaultConfigurationName = Release;
		};
		19A895591C5F51CF00B0C10F /* Build configuration list for PBXNativeTarget "coolPlaces" */ = {
			isa = XCConfigurationList;
			buildConfigurations = (
				19A8955A1C5F51CF00B0C10F /* Debug */,
				19A8955B1C5F51CF00B0C10F /* Release */,
			);
			defaultConfigurationIsVisible = 0;
			defaultConfigurationName = Release;
		};
/* End XCConfigurationList section */
	};
	rootObject = 19A8953A1C5F51CE00B0C10F /* Project object */;
}
